// !$*UTF8*$!
{
	archiveVersion = 1;
	classes = {
	};
	objectVersion = 48;
	objects = {

/* Begin PBXBuildFile section */
		0B1455D42035E74300B759FB /* favoritosTableViewController.swift in Sources */ = {isa = PBXBuildFile; fileRef = 0B1455D32035E74300B759FB /* favoritosTableViewController.swift */; };
		0B3FD7D1202677C400E4C5D5 /* HeatMapCollectionViewController.swift in Sources */ = {isa = PBXBuildFile; fileRef = 0B3FD7D0202677C400E4C5D5 /* HeatMapCollectionViewController.swift */; };
		435A689C20247BD8003F808F /* Assets.xcassets in Resources */ = {isa = PBXBuildFile; fileRef = 435A688B20247BD7003F808F /* Assets.xcassets */; };
		435A689D20247BD8003F808F /* fireIcon.png in Resources */ = {isa = PBXBuildFile; fileRef = 435A688C20247BD7003F808F /* fireIcon.png */; };
		435A689E20247BD8003F808F /* ViewController.swift in Sources */ = {isa = PBXBuildFile; fileRef = 435A688D20247BD7003F808F /* ViewController.swift */; };
		435A689F20247BD8003F808F /* ListaMoedasTableViewController.swift in Sources */ = {isa = PBXBuildFile; fileRef = 435A688E20247BD7003F808F /* ListaMoedasTableViewController.swift */; };
		435A68A020247BD8003F808F /* Globais.swift in Sources */ = {isa = PBXBuildFile; fileRef = 435A688F20247BD7003F808F /* Globais.swift */; };
		435A68A120247BD8003F808F /* AppDelegate.swift in Sources */ = {isa = PBXBuildFile; fileRef = 435A689020247BD7003F808F /* AppDelegate.swift */; };
		435A68A220247BD8003F808F /* Cryptos.xcdatamodeld in Sources */ = {isa = PBXBuildFile; fileRef = 435A689120247BD7003F808F /* Cryptos.xcdatamodeld */; };
		435A68A320247BD8003F808F /* Info.plist in Resources */ = {isa = PBXBuildFile; fileRef = 435A689320247BD7003F808F /* Info.plist */; };
		435A68A420247BD8003F808F /* LaunchScreen.storyboard in Resources */ = {isa = PBXBuildFile; fileRef = 435A689520247BD7003F808F /* LaunchScreen.storyboard */; };
		435A68A520247BD8003F808F /* Main.storyboard in Resources */ = {isa = PBXBuildFile; fileRef = 435A689720247BD7003F808F /* Main.storyboard */; };
		435A68A620247BD8003F808F /* CelulaTableViewCell.swift in Sources */ = {isa = PBXBuildFile; fileRef = 435A689920247BD7003F808F /* CelulaTableViewCell.swift */; };
		435A68A720247BD8003F808F /* fireIcon2X.png in Resources */ = {isa = PBXBuildFile; fileRef = 435A689A20247BD8003F808F /* fireIcon2X.png */; };
/* End PBXBuildFile section */

/* Begin PBXFileReference section */
		0B1455D32035E74300B759FB /* favoritosTableViewController.swift */ = {isa = PBXFileReference; lastKnownFileType = sourcecode.swift; path = favoritosTableViewController.swift; sourceTree = "<group>"; };
		0B3FD7D0202677C400E4C5D5 /* HeatMapCollectionViewController.swift */ = {isa = PBXFileReference; lastKnownFileType = sourcecode.swift; path = HeatMapCollectionViewController.swift; sourceTree = "<group>"; };
		435A688220247BD6003F808F /* Cryptos2-Bridging-Header.h */ = {isa = PBXFileReference; lastKnownFileType = sourcecode.c.h; path = "Cryptos2-Bridging-Header.h"; sourceTree = "<group>"; };
		435A688320247BD6003F808F /* Cryptos2.app */ = {isa = PBXFileReference; explicitFileType = wrapper.application; includeInIndex = 0; path = Cryptos2.app; sourceTree = BUILT_PRODUCTS_DIR; };
		435A688620247BD6003F808F /* Cryptos2-Bridging-Header.h */ = {isa = PBXFileReference; fileEncoding = 4; lastKnownFileType = sourcecode.c.h; path = "Cryptos2-Bridging-Header.h"; sourceTree = "<group>"; };
		435A688720247BD6003F808F /* Cryptos2.xcodeproj */ = {isa = PBXFileReference; lastKnownFileType = "wrapper.pb-project"; path = Cryptos2.xcodeproj; sourceTree = "<group>"; };
		435A688B20247BD7003F808F /* Assets.xcassets */ = {isa = PBXFileReference; lastKnownFileType = folder.assetcatalog; path = Assets.xcassets; sourceTree = "<group>"; };
		435A688C20247BD7003F808F /* fireIcon.png */ = {isa = PBXFileReference; lastKnownFileType = image.png; path = fireIcon.png; sourceTree = "<group>"; };
		435A688D20247BD7003F808F /* ViewController.swift */ = {isa = PBXFileReference; fileEncoding = 4; lastKnownFileType = sourcecode.swift; path = ViewController.swift; sourceTree = "<group>"; };
		435A688E20247BD7003F808F /* ListaMoedasTableViewController.swift */ = {isa = PBXFileReference; fileEncoding = 4; lastKnownFileType = sourcecode.swift; path = ListaMoedasTableViewController.swift; sourceTree = "<group>"; };
		435A688F20247BD7003F808F /* Globais.swift */ = {isa = PBXFileReference; fileEncoding = 4; lastKnownFileType = sourcecode.swift; path = Globais.swift; sourceTree = "<group>"; };
		435A689020247BD7003F808F /* AppDelegate.swift */ = {isa = PBXFileReference; fileEncoding = 4; lastKnownFileType = sourcecode.swift; path = AppDelegate.swift; sourceTree = "<group>"; };
		435A689220247BD7003F808F /* Cryptos.xcdatamodel */ = {isa = PBXFileReference; lastKnownFileType = wrapper.xcdatamodel; path = Cryptos.xcdatamodel; sourceTree = "<group>"; };
		435A689320247BD7003F808F /* Info.plist */ = {isa = PBXFileReference; fileEncoding = 4; lastKnownFileType = text.plist.xml; path = Info.plist; sourceTree = "<group>"; };
		435A689620247BD7003F808F /* Base */ = {isa = PBXFileReference; lastKnownFileType = file.storyboard; name = Base; path = LaunchScreen.storyboard; sourceTree = "<group>"; };
		435A689820247BD7003F808F /* Base */ = {isa = PBXFileReference; lastKnownFileType = file.storyboard; name = Base; path = Main.storyboard; sourceTree = "<group>"; };
		435A689920247BD7003F808F /* CelulaTableViewCell.swift */ = {isa = PBXFileReference; fileEncoding = 4; lastKnownFileType = sourcecode.swift; path = CelulaTableViewCell.swift; sourceTree = "<group>"; };
		435A689A20247BD8003F808F /* fireIcon2X.png */ = {isa = PBXFileReference; lastKnownFileType = image.png; path = fireIcon2X.png; sourceTree = "<group>"; };
/* End PBXFileReference section */

/* Begin PBXFrameworksBuildPhase section */
		435A686A20247B7F003F808F /* Frameworks */ = {
			isa = PBXFrameworksBuildPhase;
			buildActionMask = 2147483647;
			files = (
			);
			runOnlyForDeploymentPostprocessing = 0;
		};
/* End PBXFrameworksBuildPhase section */

/* Begin PBXGroup section */
		435A686420247B7F003F808F = {
			isa = PBXGroup;
			children = (
				435A686F20247B7F003F808F /* Cryptos2 */,
				435A688320247BD6003F808F /* Cryptos2.app */,
			);
			sourceTree = "<group>";
		};
		435A686F20247B7F003F808F /* Cryptos2 */ = {
			isa = PBXGroup;
			children = (
				435A689020247BD7003F808F /* AppDelegate.swift */,
				435A688B20247BD7003F808F /* Assets.xcassets */,
				435A689420247BD7003F808F /* Base.lproj */,
				435A689920247BD7003F808F /* CelulaTableViewCell.swift */,
				435A689120247BD7003F808F /* Cryptos.xcdatamodeld */,
				435A688420247BD6003F808F /* Cryptos2 */,
				435A688C20247BD7003F808F /* fireIcon.png */,
				435A689A20247BD8003F808F /* fireIcon2X.png */,
				435A688F20247BD7003F808F /* Globais.swift */,
				0B1455D32035E74300B759FB /* favoritosTableViewController.swift */,
				0B3FD7D0202677C400E4C5D5 /* HeatMapCollectionViewController.swift */,
				435A689320247BD7003F808F /* Info.plist */,
				435A688E20247BD7003F808F /* ListaMoedasTableViewController.swift */,
				435A688D20247BD7003F808F /* ViewController.swift */,
				435A688220247BD6003F808F /* Cryptos2-Bridging-Header.h */,
			);
			path = Cryptos2;
			sourceTree = "<group>";
		};
		435A688420247BD6003F808F /* Cryptos2 */ = {
			isa = PBXGroup;
			children = (
				435A688520247BD6003F808F /* Cryptos2 */,
				435A688720247BD6003F808F /* Cryptos2.xcodeproj */,
			);
			name = Cryptos2;
			sourceTree = SOURCE_ROOT;
		};
		435A688520247BD6003F808F /* Cryptos2 */ = {
			isa = PBXGroup;
			children = (
				435A688620247BD6003F808F /* Cryptos2-Bridging-Header.h */,
			);
			path = Cryptos2;
			sourceTree = "<group>";
		};
		435A688820247BD6003F808F /* Products */ = {
			isa = PBXGroup;
			name = Products;
			sourceTree = "<group>";
		};
		435A689420247BD7003F808F /* Base.lproj */ = {
			isa = PBXGroup;
			children = (
				435A689520247BD7003F808F /* LaunchScreen.storyboard */,
				435A689720247BD7003F808F /* Main.storyboard */,
			);
			name = Base.lproj;
			path = ../../Base.lproj;
			sourceTree = "<group>";
		};
/* End PBXGroup section */

/* Begin PBXNativeTarget section */
		435A686C20247B7F003F808F /* Cryptos2 */ = {
			isa = PBXNativeTarget;
			buildConfigurationList = 435A687F20247B80003F808F /* Build configuration list for PBXNativeTarget "Cryptos2" */;
			buildPhases = (
				435A686920247B7F003F808F /* Sources */,
				435A686A20247B7F003F808F /* Frameworks */,
				435A686B20247B7F003F808F /* Resources */,
			);
			buildRules = (
			);
			dependencies = (
			);
			name = Cryptos2;
			productName = Cryptos2;
			productReference = 435A688320247BD6003F808F /* Cryptos2.app */;
			productType = "com.apple.product-type.application";
		};
/* End PBXNativeTarget section */

/* Begin PBXProject section */
		435A686520247B7F003F808F /* Project object */ = {
			isa = PBXProject;
			attributes = {
				LastSwiftUpdateCheck = 0920;
				LastUpgradeCheck = 0920;
				ORGANIZATIONNAME = Swift;
				TargetAttributes = {
					435A686C20247B7F003F808F = {
						CreatedOnToolsVersion = 9.2;
						LastSwiftMigration = 0920;
						ProvisioningStyle = Automatic;
					};
				};
			};
			buildConfigurationList = 435A686820247B7F003F808F /* Build configuration list for PBXProject "Cryptos2" */;
			compatibilityVersion = "Xcode 8.0";
			developmentRegion = en;
			hasScannedForEncodings = 0;
			knownRegions = (
				en,
				Base,
			);
			mainGroup = 435A686420247B7F003F808F;
			productRefGroup = 435A686420247B7F003F808F;
			projectDirPath = "";
			projectReferences = (
				{
					ProductGroup = 435A688820247BD6003F808F /* Products */;
					ProjectRef = 435A688720247BD6003F808F /* Cryptos2.xcodeproj */;
				},
			);
			projectRoot = "";
			targets = (
				435A686C20247B7F003F808F /* Cryptos2 */,
			);
		};
/* End PBXProject section */

/* Begin PBXResourcesBuildPhase section */
		435A686B20247B7F003F808F /* Resources */ = {
			isa = PBXResourcesBuildPhase;
			buildActionMask = 2147483647;
			files = (
				435A689D20247BD8003F808F /* fireIcon.png in Resources */,
				435A68A520247BD8003F808F /* Main.storyboard in Resources */,
				435A68A420247BD8003F808F /* LaunchScreen.storyboard in Resources */,
				435A689C20247BD8003F808F /* Assets.xcassets in Resources */,
				435A68A720247BD8003F808F /* fireIcon2X.png in Resources */,
				435A68A320247BD8003F808F /* Info.plist in Resources */,
			);
			runOnlyForDeploymentPostprocessing = 0;
		};
/* End PBXResourcesBuildPhase section */

/* Begin PBXSourcesBuildPhase section */
		435A686920247B7F003F808F /* Sources */ = {
			isa = PBXSourcesBuildPhase;
			buildActionMask = 2147483647;
			files = (
				435A68A220247BD8003F808F /* Cryptos.xcdatamodeld in Sources */,
				435A689E20247BD8003F808F /* ViewController.swift in Sources */,
				435A68A020247BD8003F808F /* Globais.swift in Sources */,
				0B3FD7D1202677C400E4C5D5 /* HeatMapCollectionViewController.swift in Sources */,
				0B1455D42035E74300B759FB /* favoritosTableViewController.swift in Sources */,
				435A68A120247BD8003F808F /* AppDelegate.swift in Sources */,
				435A689F20247BD8003F808F /* ListaMoedasTableViewController.swift in Sources */,
				435A68A620247BD8003F808F /* CelulaTableViewCell.swift in Sources */,
			);
			runOnlyForDeploymentPostprocessing = 0;
		};
/* End PBXSourcesBuildPhase section */

/* Begin PBXVariantGroup section */
		435A689520247BD7003F808F /* LaunchScreen.storyboard */ = {
			isa = PBXVariantGroup;
			children = (
				435A689620247BD7003F808F /* Base */,
			);
			name = LaunchScreen.storyboard;
			sourceTree = "<group>";
		};
		435A689720247BD7003F808F /* Main.storyboard */ = {
			isa = PBXVariantGroup;
			children = (
				435A689820247BD7003F808F /* Base */,
			);
			name = Main.storyboard;
			sourceTree = "<group>";
		};
/* End PBXVariantGroup section */

/* Begin XCBuildConfiguration section */
		435A687D20247B80003F808F /* Debug */ = {
			isa = XCBuildConfiguration;
			buildSettings = {
				ALWAYS_SEARCH_USER_PATHS = NO;
				CLANG_ANALYZER_NONNULL = YES;
				CLANG_ANALYZER_NUMBER_OBJECT_CONVERSION = YES_AGGRESSIVE;
				CLANG_CXX_LANGUAGE_STANDARD = "gnu++14";
				CLANG_CXX_LIBRARY = "libc++";
				CLANG_ENABLE_MODULES = YES;
				CLANG_ENABLE_OBJC_ARC = YES;
				CLANG_WARN_BLOCK_CAPTURE_AUTORELEASING = YES;
				CLANG_WARN_BOOL_CONVERSION = YES;
				CLANG_WARN_COMMA = YES;
				CLANG_WARN_CONSTANT_CONVERSION = YES;
				CLANG_WARN_DIRECT_OBJC_ISA_USAGE = YES_ERROR;
				CLANG_WARN_DOCUMENTATION_COMMENTS = YES;
				CLANG_WARN_EMPTY_BODY = YES;
				CLANG_WARN_ENUM_CONVERSION = YES;
				CLANG_WARN_INFINITE_RECURSION = YES;
				CLANG_WARN_INT_CONVERSION = YES;
				CLANG_WARN_NON_LITERAL_NULL_CONVERSION = YES;
				CLANG_WARN_OBJC_LITERAL_CONVERSION = YES;
				CLANG_WARN_OBJC_ROOT_CLASS = YES_ERROR;
				CLANG_WARN_RANGE_LOOP_ANALYSIS = YES;
				CLANG_WARN_STRICT_PROTOTYPES = YES;
				CLANG_WARN_SUSPICIOUS_MOVE = YES;
				CLANG_WARN_UNGUARDED_AVAILABILITY = YES_AGGRESSIVE;
				CLANG_WARN_UNREACHABLE_CODE = YES;
				CLANG_WARN__DUPLICATE_METHOD_MATCH = YES;
				CODE_SIGN_IDENTITY = "iPhone Developer";
				COPY_PHASE_STRIP = NO;
				DEBUG_INFORMATION_FORMAT = dwarf;
				ENABLE_STRICT_OBJC_MSGSEND = YES;
				ENABLE_TESTABILITY = YES;
				GCC_C_LANGUAGE_STANDARD = gnu11;
				GCC_DYNAMIC_NO_PIC = NO;
				GCC_NO_COMMON_BLOCKS = YES;
				GCC_OPTIMIZATION_LEVEL = 0;
				GCC_PREPROCESSOR_DEFINITIONS = (
					"DEBUG=1",
					"$(inherited)",
				);
				GCC_WARN_64_TO_32_BIT_CONVERSION = YES;
				GCC_WARN_ABOUT_RETURN_TYPE = YES_ERROR;
				GCC_WARN_UNDECLARED_SELECTOR = YES;
				GCC_WARN_UNINITIALIZED_AUTOS = YES_AGGRESSIVE;
				GCC_WARN_UNUSED_FUNCTION = YES;
				GCC_WARN_UNUSED_VARIABLE = YES;
				IPHONEOS_DEPLOYMENT_TARGET = 11.2;
				MTL_ENABLE_DEBUG_INFO = YES;
				ONLY_ACTIVE_ARCH = YES;
				SDKROOT = iphoneos;
				SWIFT_ACTIVE_COMPILATION_CONDITIONS = DEBUG;
				SWIFT_OPTIMIZATION_LEVEL = "-Onone";
			};
			name = Debug;
		};
		435A687E20247B80003F808F /* Release */ = {
			isa = XCBuildConfiguration;
			buildSettings = {
				ALWAYS_SEARCH_USER_PATHS = NO;
				CLANG_ANALYZER_NONNULL = YES;
				CLANG_ANALYZER_NUMBER_OBJECT_CONVERSION = YES_AGGRESSIVE;
				CLANG_CXX_LANGUAGE_STANDARD = "gnu++14";
				CLANG_CXX_LIBRARY = "libc++";
				CLANG_ENABLE_MODULES = YES;
				CLANG_ENABLE_OBJC_ARC = YES;
				CLANG_WARN_BLOCK_CAPTURE_AUTORELEASING = YES;
				CLANG_WARN_BOOL_CONVERSION = YES;
				CLANG_WARN_COMMA = YES;
				CLANG_WARN_CONSTANT_CONVERSION = YES;
				CLANG_WARN_DIRECT_OBJC_ISA_USAGE = YES_ERROR;
				CLANG_WARN_DOCUMENTATION_COMMENTS = YES;
				CLANG_WARN_EMPTY_BODY = YES;
				CLANG_WARN_ENUM_CONVERSION = YES;
				CLANG_WARN_INFINITE_RECURSION = YES;
				CLANG_WARN_INT_CONVERSION = YES;
				CLANG_WARN_NON_LITERAL_NULL_CONVERSION = YES;
				CLANG_WARN_OBJC_LITERAL_CONVERSION = YES;
				CLANG_WARN_OBJC_ROOT_CLASS = YES_ERROR;
				CLANG_WARN_RANGE_LOOP_ANALYSIS = YES;
				CLANG_WARN_STRICT_PROTOTYPES = YES;
				CLANG_WARN_SUSPICIOUS_MOVE = YES;
				CLANG_WARN_UNGUARDED_AVAILABILITY = YES_AGGRESSIVE;
				CLANG_WARN_UNREACHABLE_CODE = YES;
				CLANG_WARN__DUPLICATE_METHOD_MATCH = YES;
				CODE_SIGN_IDENTITY = "iPhone Developer";
				COPY_PHASE_STRIP = NO;
				DEBUG_INFORMATION_FORMAT = "dwarf-with-dsym";
				ENABLE_NS_ASSERTIONS = NO;
				ENABLE_STRICT_OBJC_MSGSEND = YES;
				GCC_C_LANGUAGE_STANDARD = gnu11;
				GCC_NO_COMMON_BLOCKS = YES;
				GCC_WARN_64_TO_32_BIT_CONVERSION = YES;
				GCC_WARN_ABOUT_RETURN_TYPE = YES_ERROR;
				GCC_WARN_UNDECLARED_SELECTOR = YES;
				GCC_WARN_UNINITIALIZED_AUTOS = YES_AGGRESSIVE;
				GCC_WARN_UNUSED_FUNCTION = YES;
				GCC_WARN_UNUSED_VARIABLE = YES;
				IPHONEOS_DEPLOYMENT_TARGET = 11.2;
				MTL_ENABLE_DEBUG_INFO = NO;
				SDKROOT = iphoneos;
				SWIFT_OPTIMIZATION_LEVEL = "-Owholemodule";
				VALIDATE_PRODUCT = YES;
			};
			name = Release;
		};
		435A688020247B80003F808F /* Debug */ = {
			isa = XCBuildConfiguration;
			buildSettings = {
				ASSETCATALOG_COMPILER_APPICON_NAME = AppIcon;
				CLANG_ENABLE_MODULES = YES;
				CODE_SIGN_STYLE = Automatic;
				DEVELOPMENT_TEAM = "";
				INFOPLIST_FILE = Cryptos2/Info.plist;
				IPHONEOS_DEPLOYMENT_TARGET = 10.2;
				LD_RUNPATH_SEARCH_PATHS = "$(inherited) @executable_path/Frameworks";
				PRODUCT_BUNDLE_IDENTIFIER = i.com.Cryptos2;
				PRODUCT_NAME = "$(TARGET_NAME)";
				SWIFT_OBJC_BRIDGING_HEADER = "Cryptos2/Cryptos2-Bridging-Header.h";
				SWIFT_OPTIMIZATION_LEVEL = "-Onone";
				SWIFT_VERSION = 4.0;
				TARGETED_DEVICE_FAMILY = "1,2";
			};
			name = Debug;
		};
		435A688120247B80003F808F /* Release */ = {
			isa = XCBuildConfiguration;
			buildSettings = {
				ASSETCATALOG_COMPILER_APPICON_NAME = AppIcon;
				CLANG_ENABLE_MODULES = YES;
				CODE_SIGN_STYLE = Automatic;
				DEVELOPMENT_TEAM = "";
				INFOPLIST_FILE = Cryptos2/Info.plist;
				IPHONEOS_DEPLOYMENT_TARGET = 10.2;
				LD_RUNPATH_SEARCH_PATHS = "$(inherited) @executable_path/Frameworks";
				PRODUCT_BUNDLE_IDENTIFIER = i.com.Cryptos2;
				PRODUCT_NAME = "$(TARGET_NAME)";
				SWIFT_OBJC_BRIDGING_HEADER = "Cryptos2/Cryptos2-Bridging-Header.h";
				SWIFT_VERSION = 4.0;
				TARGETED_DEVICE_FAMILY = "1,2";
			};
			name = Release;
		};
/* End XCBuildConfiguration section */

/* Begin XCConfigurationList section */
		435A686820247B7F003F808F /* Build configuration list for PBXProject "Cryptos2" */ = {
			isa = XCConfigurationList;
			buildConfigurations = (
				435A687D20247B80003F808F /* Debug */,
				435A687E20247B80003F808F /* Release */,
			);
			defaultConfigurationIsVisible = 0;
			defaultConfigurationName = Release;
		};
		435A687F20247B80003F808F /* Build configuration list for PBXNativeTarget "Cryptos2" */ = {
			isa = XCConfigurationList;
			buildConfigurations = (
				435A688020247B80003F808F /* Debug */,
				435A688120247B80003F808F /* Release */,
			);
			defaultConfigurationIsVisible = 0;
			defaultConfigurationName = Release;
		};
/* End XCConfigurationList section */

/* Begin XCVersionGroup section */
		435A689120247BD7003F808F /* Cryptos.xcdatamodeld */ = {
			isa = XCVersionGroup;
			children = (
				435A689220247BD7003F808F /* Cryptos.xcdatamodel */,
			);
			currentVersion = 435A689220247BD7003F808F /* Cryptos.xcdatamodel */;
			path = Cryptos.xcdatamodeld;
			sourceTree = "<group>";
			versionGroupType = wrapper.xcdatamodel;
		};
/* End XCVersionGroup section */
	};
	rootObject = 435A686520247B7F003F808F /* Project object */;
}
